
Microsoft Visual Studio Solution File, Format Version 12.00
# Visual Studio Version 17
VisualStudioVersion = 17.6.33829.357
MinimumVisualStudioVersion = 10.0.40219.1
Project("{FAE04EC0-301F-11D3-BF4B-00C04F79EFBC}") = "String.Reverse.UppreCase", "String.Reverse.UppreCase\String.Reverse.UppreCase.csproj", "{D4964583-8B00-4795-87B4-F5025D5F3E10}"
EndProject
Global
	GlobalSection(SolutionConfigurationPlatforms) = preSolution
		Debug|Any CPU = Debug|Any CPU
		Release|Any CPU = Release|Any CPU
	EndGlobalSection
	GlobalSection(ProjectConfigurationPlatforms) = postSolution
		{D4964583-8B00-4795-87B4-F5025D5F3E10}.Debug|Any CPU.ActiveCfg = Debug|Any CPU
		{D4964583-8B00-4795-87B4-F5025D5F3E10}.Debug|Any CPU.Build.0 = Debug|Any CPU
		{D4964583-8B00-4795-87B4-F5025D5F3E10}.Release|Any CPU.ActiveCfg = Release|Any CPU
		{D4964583-8B00-4795-87B4-F5025D5F3E10}.Release|Any CPU.Build.0 = Release|Any CPU
	EndGlobalSection
	GlobalSection(SolutionProperties) = preSolution
		HideSolutionNode = FALSE
	EndGlobalSection
	GlobalSection(ExtensibilityGlobals) = postSolution
		SolutionGuid = {F119D2BE-334E-41CC-BAF9-90406FD1E389}
	EndGlobalSection
EndGlobal
